
Microsoft Visual Studio Solution File, Format Version 12.00
# Visual Studio Version 17
VisualStudioVersion = 17.9.34622.214
MinimumVisualStudioVersion = 10.0.40219.1
Project("{9A19103F-16F7-4668-BE54-9A1E7A4F7556}") = "SecondFunctionApp", "SecondFunctionApp\SecondFunctionApp.csproj", "{4660C46B-75B8-4630-8BAB-D098AF098AFA}"
EndProject
Global
	GlobalSection(SolutionConfigurationPlatforms) = preSolution
		Debug|Any CPU = Debug|Any CPU
		Release|Any CPU = Release|Any CPU
	EndGlobalSection
	GlobalSection(ProjectConfigurationPlatforms) = postSolution
		{4660C46B-75B8-4630-8BAB-D098AF098AFA}.Debug|Any CPU.ActiveCfg = Debug|Any CPU
		{4660C46B-75B8-4630-8BAB-D098AF098AFA}.Debug|Any CPU.Build.0 = Debug|Any CPU
		{4660C46B-75B8-4630-8BAB-D098AF098AFA}.Release|Any CPU.ActiveCfg = Release|Any CPU
		{4660C46B-75B8-4630-8BAB-D098AF098AFA}.Release|Any CPU.Build.0 = Release|Any CPU
	EndGlobalSection
	GlobalSection(SolutionProperties) = preSolution
		HideSolutionNode = FALSE
	EndGlobalSection
	GlobalSection(ExtensibilityGlobals) = postSolution
		SolutionGuid = {935554C3-C2E3-46CF-84A4-F8BF197B80BD}
	EndGlobalSection
EndGlobal
